
Microsoft Visual Studio Solution File, Format Version 12.00
# Visual Studio Version 18
VisualStudioVersion = 18.3.11505.172
MinimumVisualStudioVersion = 10.0.40219.1
Project("{FAE04EC0-301F-11D3-BF4B-00C04F79EFBC}") = "INF4027W_BPTTIN002_MiniPrj_2026", "INF4027W_BPTTIN002_MiniPrj_2026.csproj", "{08867372-553D-4C9E-BC1E-26143F9CD8B2}"
EndProject
Global
	GlobalSection(SolutionConfigurationPlatforms) = preSolution
		Debug|Any CPU = Debug|Any CPU
		Release|Any CPU = Release|Any CPU
	EndGlobalSection
	GlobalSection(ProjectConfigurationPlatforms) = postSolution
		{08867372-553D-4C9E-BC1E-26143F9CD8B2}.Debug|Any CPU.ActiveCfg = Debug|Any CPU
		{08867372-553D-4C9E-BC1E-26143F9CD8B2}.Debug|Any CPU.Build.0 = Debug|Any CPU
		{08867372-553D-4C9E-BC1E-26143F9CD8B2}.Release|Any CPU.ActiveCfg = Release|Any CPU
		{08867372-553D-4C9E-BC1E-26143F9CD8B2}.Release|Any CPU.Build.0 = Release|Any CPU
	EndGlobalSection
	GlobalSection(SolutionProperties) = preSolution
		HideSolutionNode = FALSE
	EndGlobalSection
	GlobalSection(ExtensibilityGlobals) = postSolution
		SolutionGuid = {1F712022-0A33-422D-B074-BA3F75AB8D18}
	EndGlobalSection
EndGlobal
